
Microsoft Visual Studio Solution File, Format Version 12.00
# Visual Studio 14
VisualStudioVersion = 14.0.25420.1
MinimumVisualStudioVersion = 10.0.40219.1
Project("{FAE04EC0-301F-11D3-BF4B-00C04F79EFBC}") = "LineBotExample_GetUserInfo", "LineBotExample_GetUserInfo\LineBotExample_GetUserInfo.csproj", "{916BA2A4-F8EE-434C-BF14-08EA9AB90041}"
EndProject
Global
	GlobalSection(SolutionConfigurationPlatforms) = preSolution
		Debug|Any CPU = Debug|Any CPU
		Release|Any CPU = Release|Any CPU
	EndGlobalSection
	GlobalSection(ProjectConfigurationPlatforms) = postSolution
		{916BA2A4-F8EE-434C-BF14-08EA9AB90041}.Debug|Any CPU.ActiveCfg = Debug|Any CPU
		{916BA2A4-F8EE-434C-BF14-08EA9AB90041}.Debug|Any CPU.Build.0 = Debug|Any CPU
		{916BA2A4-F8EE-434C-BF14-08EA9AB90041}.Release|Any CPU.ActiveCfg = Release|Any CPU
		{916BA2A4-F8EE-434C-BF14-08EA9AB90041}.Release|Any CPU.Build.0 = Release|Any CPU
	EndGlobalSection
	GlobalSection(SolutionProperties) = preSolution
		HideSolutionNode = FALSE
	EndGlobalSection
EndGlobal
